{
    "name": "sc-assessment",
    "version": "1.0.0",
    "lockfileVersion": 1,
    "requires": true,
    "dependencies": {
        "@types/node": {
            "version": "16.11.8",
            "resolved": "https://registry.npmjs.org/@types/node/-/node-16.11.8.tgz",
            "integrity": "sha512-hmT5gfpRkkHr7DZZHMf3jBe/zNcVGN+jXSL2f8nAsYfBPxQFToKwQlS/zES4Sjp488Bi73i+p6bvrNRRGU0x9Q==",
            "dev": true
        }
    }
}
